
Microsoft Visual Studio Solution File, Format Version 12.00
# Visual Studio Version 17
VisualStudioVersion = 17.14.36212.18 d17.14
MinimumVisualStudioVersion = 10.0.40219.1
Project("{8BC9CEB8-8B4A-11D0-8D11-00A0C91BC942}") = "26 9.2", "26 9.2.vcxproj", "{103F094C-E3BC-45D7-B673-BBB9751721AF}"
EndProject
Global
	GlobalSection(SolutionConfigurationPlatforms) = preSolution
		Debug|x64 = Debug|x64
		Debug|x86 = Debug|x86
		Release|x64 = Release|x64
		Release|x86 = Release|x86
	EndGlobalSection
	GlobalSection(ProjectConfigurationPlatforms) = postSolution
		{103F094C-E3BC-45D7-B673-BBB9751721AF}.Debug|x64.ActiveCfg = Debug|x64
		{103F094C-E3BC-45D7-B673-BBB9751721AF}.Debug|x64.Build.0 = Debug|x64
		{103F094C-E3BC-45D7-B673-BBB9751721AF}.Debug|x86.ActiveCfg = Debug|Win32
		{103F094C-E3BC-45D7-B673-BBB9751721AF}.Debug|x86.Build.0 = Debug|Win32
		{103F094C-E3BC-45D7-B673-BBB9751721AF}.Release|x64.ActiveCfg = Release|x64
		{103F094C-E3BC-45D7-B673-BBB9751721AF}.Release|x64.Build.0 = Release|x64
		{103F094C-E3BC-45D7-B673-BBB9751721AF}.Release|x86.ActiveCfg = Release|Win32
		{103F094C-E3BC-45D7-B673-BBB9751721AF}.Release|x86.Build.0 = Release|Win32
	EndGlobalSection
	GlobalSection(SolutionProperties) = preSolution
		HideSolutionNode = FALSE
	EndGlobalSection
	GlobalSection(ExtensibilityGlobals) = postSolution
		SolutionGuid = {7F8488B6-7BD8-4D82-9C8F-1F7155EC638A}
	EndGlobalSection
EndGlobal
