
Microsoft Visual Studio Solution File, Format Version 12.00
# Visual Studio Version 17
VisualStudioVersion = 17.14.36212.18 d17.14
MinimumVisualStudioVersion = 10.0.40219.1
Project("{8BC9CEB8-8B4A-11D0-8D11-00A0C91BC942}") = "26 9.4", "26 9.4.vcxproj", "{7530F77E-4541-4DF3-AC43-9A67BDB80718}"
EndProject
Global
	GlobalSection(SolutionConfigurationPlatforms) = preSolution
		Debug|x64 = Debug|x64
		Debug|x86 = Debug|x86
		Release|x64 = Release|x64
		Release|x86 = Release|x86
	EndGlobalSection
	GlobalSection(ProjectConfigurationPlatforms) = postSolution
		{7530F77E-4541-4DF3-AC43-9A67BDB80718}.Debug|x64.ActiveCfg = Debug|x64
		{7530F77E-4541-4DF3-AC43-9A67BDB80718}.Debug|x64.Build.0 = Debug|x64
		{7530F77E-4541-4DF3-AC43-9A67BDB80718}.Debug|x86.ActiveCfg = Debug|Win32
		{7530F77E-4541-4DF3-AC43-9A67BDB80718}.Debug|x86.Build.0 = Debug|Win32
		{7530F77E-4541-4DF3-AC43-9A67BDB80718}.Release|x64.ActiveCfg = Release|x64
		{7530F77E-4541-4DF3-AC43-9A67BDB80718}.Release|x64.Build.0 = Release|x64
		{7530F77E-4541-4DF3-AC43-9A67BDB80718}.Release|x86.ActiveCfg = Release|Win32
		{7530F77E-4541-4DF3-AC43-9A67BDB80718}.Release|x86.Build.0 = Release|Win32
	EndGlobalSection
	GlobalSection(SolutionProperties) = preSolution
		HideSolutionNode = FALSE
	EndGlobalSection
	GlobalSection(ExtensibilityGlobals) = postSolution
		SolutionGuid = {A38960E2-3283-4161-A074-A0939D4958A5}
	EndGlobalSection
EndGlobal
